
Microsoft Visual Studio Solution File, Format Version 12.00
# Visual Studio Version 16
VisualStudioVersion = 16.0.31515.178
MinimumVisualStudioVersion = 10.0.40219.1
Project("{FAE04EC0-301F-11D3-BF4B-00C04F79EFBC}") = "Learning---176", "Learning---176\Learning---176.csproj", "{D625383B-580D-4B5A-A4F3-B7A2C6B40F10}"
EndProject
Global
	GlobalSection(SolutionConfigurationPlatforms) = preSolution
		Debug|Any CPU = Debug|Any CPU
		Release|Any CPU = Release|Any CPU
	EndGlobalSection
	GlobalSection(ProjectConfigurationPlatforms) = postSolution
		{D625383B-580D-4B5A-A4F3-B7A2C6B40F10}.Debug|Any CPU.ActiveCfg = Debug|Any CPU
		{D625383B-580D-4B5A-A4F3-B7A2C6B40F10}.Debug|Any CPU.Build.0 = Debug|Any CPU
		{D625383B-580D-4B5A-A4F3-B7A2C6B40F10}.Release|Any CPU.ActiveCfg = Release|Any CPU
		{D625383B-580D-4B5A-A4F3-B7A2C6B40F10}.Release|Any CPU.Build.0 = Release|Any CPU
	EndGlobalSection
	GlobalSection(SolutionProperties) = preSolution
		HideSolutionNode = FALSE
	EndGlobalSection
	GlobalSection(ExtensibilityGlobals) = postSolution
		SolutionGuid = {EB01647D-93C2-4302-BA52-707B339F2A9A}
	EndGlobalSection
EndGlobal
